
Microsoft Visual Studio Solution File, Format Version 12.00
# Visual Studio Version 16
VisualStudioVersion = 16.0.31624.102
MinimumVisualStudioVersion = 10.0.40219.1
Project("{8BC9CEB8-8B4A-11D0-8D11-00A0C91BC942}") = "34_Arrow", "34_Arrow\34_Arrow.vcxproj", "{8141278B-1DEF-4116-A2D9-7FA4B20C669B}"
EndProject
Global
	GlobalSection(SolutionConfigurationPlatforms) = preSolution
		Debug|x64 = Debug|x64
		Debug|x86 = Debug|x86
		Release|x64 = Release|x64
		Release|x86 = Release|x86
	EndGlobalSection
	GlobalSection(ProjectConfigurationPlatforms) = postSolution
		{8141278B-1DEF-4116-A2D9-7FA4B20C669B}.Debug|x64.ActiveCfg = Debug|x64
		{8141278B-1DEF-4116-A2D9-7FA4B20C669B}.Debug|x64.Build.0 = Debug|x64
		{8141278B-1DEF-4116-A2D9-7FA4B20C669B}.Debug|x86.ActiveCfg = Debug|Win32
		{8141278B-1DEF-4116-A2D9-7FA4B20C669B}.Debug|x86.Build.0 = Debug|Win32
		{8141278B-1DEF-4116-A2D9-7FA4B20C669B}.Release|x64.ActiveCfg = Release|x64
		{8141278B-1DEF-4116-A2D9-7FA4B20C669B}.Release|x64.Build.0 = Release|x64
		{8141278B-1DEF-4116-A2D9-7FA4B20C669B}.Release|x86.ActiveCfg = Release|Win32
		{8141278B-1DEF-4116-A2D9-7FA4B20C669B}.Release|x86.Build.0 = Release|Win32
	EndGlobalSection
	GlobalSection(SolutionProperties) = preSolution
		HideSolutionNode = FALSE
	EndGlobalSection
	GlobalSection(ExtensibilityGlobals) = postSolution
		SolutionGuid = {31AEA23E-5065-4CC2-91B4-B4EBEC04A9F3}
	EndGlobalSection
EndGlobal
