
Microsoft Visual Studio Solution File, Format Version 12.00
# Visual Studio Version 16
VisualStudioVersion = 16.0.31624.102
MinimumVisualStudioVersion = 10.0.40219.1
Project("{8BC9CEB8-8B4A-11D0-8D11-00A0C91BC942}") = "29_OperatorsAndOperatorOverloding", "29_OperatorsAndOperatorOverloding\29_OperatorsAndOperatorOverloding.vcxproj", "{A16FBC69-0792-4C0C-A84F-883021AFCAEF}"
EndProject
Global
	GlobalSection(SolutionConfigurationPlatforms) = preSolution
		Debug|x64 = Debug|x64
		Debug|x86 = Debug|x86
		Release|x64 = Release|x64
		Release|x86 = Release|x86
	EndGlobalSection
	GlobalSection(ProjectConfigurationPlatforms) = postSolution
		{A16FBC69-0792-4C0C-A84F-883021AFCAEF}.Debug|x64.ActiveCfg = Debug|x64
		{A16FBC69-0792-4C0C-A84F-883021AFCAEF}.Debug|x64.Build.0 = Debug|x64
		{A16FBC69-0792-4C0C-A84F-883021AFCAEF}.Debug|x86.ActiveCfg = Debug|Win32
		{A16FBC69-0792-4C0C-A84F-883021AFCAEF}.Debug|x86.Build.0 = Debug|Win32
		{A16FBC69-0792-4C0C-A84F-883021AFCAEF}.Release|x64.ActiveCfg = Release|x64
		{A16FBC69-0792-4C0C-A84F-883021AFCAEF}.Release|x64.Build.0 = Release|x64
		{A16FBC69-0792-4C0C-A84F-883021AFCAEF}.Release|x86.ActiveCfg = Release|Win32
		{A16FBC69-0792-4C0C-A84F-883021AFCAEF}.Release|x86.Build.0 = Release|Win32
	EndGlobalSection
	GlobalSection(SolutionProperties) = preSolution
		HideSolutionNode = FALSE
	EndGlobalSection
	GlobalSection(ExtensibilityGlobals) = postSolution
		SolutionGuid = {A6EAEBF4-31BA-49ED-9FB8-2464CD25F4E8}
	EndGlobalSection
EndGlobal
