
Microsoft Visual Studio Solution File, Format Version 12.00
# Visual Studio Version 16
VisualStudioVersion = 16.0.31624.102
MinimumVisualStudioVersion = 10.0.40219.1
Project("{8BC9CEB8-8B4A-11D0-8D11-00A0C91BC942}") = "3_Variables", "3_Variables\3_Variables.vcxproj", "{67B66DBE-DEB7-4C19-954C-2CF34AAB9667}"
EndProject
Global
	GlobalSection(SolutionConfigurationPlatforms) = preSolution
		Debug|x64 = Debug|x64
		Debug|x86 = Debug|x86
		Release|x64 = Release|x64
		Release|x86 = Release|x86
	EndGlobalSection
	GlobalSection(ProjectConfigurationPlatforms) = postSolution
		{67B66DBE-DEB7-4C19-954C-2CF34AAB9667}.Debug|x64.ActiveCfg = Debug|x64
		{67B66DBE-DEB7-4C19-954C-2CF34AAB9667}.Debug|x64.Build.0 = Debug|x64
		{67B66DBE-DEB7-4C19-954C-2CF34AAB9667}.Debug|x86.ActiveCfg = Debug|Win32
		{67B66DBE-DEB7-4C19-954C-2CF34AAB9667}.Debug|x86.Build.0 = Debug|Win32
		{67B66DBE-DEB7-4C19-954C-2CF34AAB9667}.Release|x64.ActiveCfg = Release|x64
		{67B66DBE-DEB7-4C19-954C-2CF34AAB9667}.Release|x64.Build.0 = Release|x64
		{67B66DBE-DEB7-4C19-954C-2CF34AAB9667}.Release|x86.ActiveCfg = Release|Win32
		{67B66DBE-DEB7-4C19-954C-2CF34AAB9667}.Release|x86.Build.0 = Release|Win32
	EndGlobalSection
	GlobalSection(SolutionProperties) = preSolution
		HideSolutionNode = FALSE
	EndGlobalSection
	GlobalSection(ExtensibilityGlobals) = postSolution
		SolutionGuid = {5A2EFEFF-17EC-4661-8F12-3C59CB185767}
	EndGlobalSection
EndGlobal
